Microsoft Visual Studio Solution File, Format Version 12.00
# Visual Studio 15
VisualStudioVersion = 15.0.27703.2035
MinimumVisualStudioVersion = 10.0.40219.1
Project("{FAE04EC0-301F-11D3-BF4B-00C04F79EFBC}") = "LottieExemplo.Android", "LottieExemplo.Android\LottieExemplo.Android.csproj", "{C989ED15-4926-4DE5-8446-F2C7F0B637A2}"
EndProject
Project("{FAE04EC0-301F-11D3-BF4B-00C04F79EFBC}") = "LottieExemplo.iOS", "LottieExemplo.iOS\LottieExemplo.iOS.csproj", "{424538C4-92B1-433C-B185-35FA92FEDB92}"
EndProject
Project("{9A19103F-16F7-4668-BE54-9A1E7A4F7556}") = "LottieExemplo", "LottieExemplo\LottieExemplo.csproj", "{A3D90586-64CC-4640-9BFD-B733245E2742}"
EndProject
Global
	GlobalSection(SolutionConfigurationPlatforms) = preSolution
		Ad-Hoc|Any CPU = Ad-Hoc|Any CPU
		Ad-Hoc|iPhone = Ad-Hoc|iPhone
		Ad-Hoc|iPhoneSimulator = Ad-Hoc|iPhoneSimulator
		AppStore|Any CPU = AppStore|Any CPU
		AppStore|iPhone = AppStore|iPhone
		AppStore|iPhoneSimulator = AppStore|iPhoneSimulator
		Debug|Any CPU = Debug|Any CPU
		Debug|iPhone = Debug|iPhone
		Debug|iPhoneSimulator = Debug|iPhoneSimulator
		Release|Any CPU = Release|Any CPU
		Release|iPhone = Release|iPhone
		Release|iPhoneSimulator = Release|iPhoneSimulator
	EndGlobalSection
	GlobalSection(ProjectConfigurationPlatforms) = postSolution
		{C989ED15-4926-4DE5-8446-F2C7F0B637A2}.Ad-Hoc|Any CPU.ActiveCfg = Release|Any CPU
		{C989ED15-4926-4DE5-8446-F2C7F0B637A2}.Ad-Hoc|Any CPU.Build.0 = Release|Any CPU
		{C989ED15-4926-4DE5-8446-F2C7F0B637A2}.Ad-Hoc|Any CPU.Deploy.0 = Release|Any CPU
		{C989ED15-4926-4DE5-8446-F2C7F0B637A2}.Ad-Hoc|iPhone.ActiveCfg = Debug|Any CPU
		{C989ED15-4926-4DE5-8446-F2C7F0B637A2}.Ad-Hoc|iPhone.Build.0 = Debug|Any CPU
		{C989ED15-4926-4DE5-8446-F2C7F0B637A2}.Ad-Hoc|iPhoneSimulator.ActiveCfg = Release|Any CPU
		{C989ED15-4926-4DE5-8446-F2C7F0B637A2}.Ad-Hoc|iPhoneSimulator.Build.0 = Release|Any CPU
		{C989ED15-4926-4DE5-8446-F2C7F0B637A2}.Ad-Hoc|iPhoneSimulator.Deploy.0 = Release|Any CPU
		{C989ED15-4926-4DE5-8446-F2C7F0B637A2}.AppStore|Any CPU.ActiveCfg = Release|Any CPU
		{C989ED15-4926-4DE5-8446-F2C7F0B637A2}.AppStore|Any CPU.Build.0 = Release|Any CPU
		{C989ED15-4926-4DE5-8446-F2C7F0B637A2}.AppStore|Any CPU.Deploy.0 = Release|Any CPU
		{C989ED15-4926-4DE5-8446-F2C7F0B637A2}.AppStore|iPhone.ActiveCfg = Debug|Any CPU
		{C989ED15-4926-4DE5-8446-F2C7F0B637A2}.AppStore|iPhone.Build.0 = Debug|Any CPU
		{C989ED15-4926-4DE5-8446-F2C7F0B637A2}.AppStore|iPhoneSimulator.ActiveCfg = Release|Any CPU
		{C989ED15-4926-4DE5-8446-F2C7F0B637A2}.AppStore|iPhoneSimulator.Build.0 = Release|Any CPU
		{C989ED15-4926-4DE5-8446-F2C7F0B637A2}.AppStore|iPhoneSimulator.Deploy.0 = Release|Any CPU
		{C989ED15-4926-4DE5-8446-F2C7F0B637A2}.Debug|Any CPU.ActiveCfg = Debug|Any CPU
		{C989ED15-4926-4DE5-8446-F2C7F0B637A2}.Debug|Any CPU.Build.0 = Debug|Any CPU
		{C989ED15-4926-4DE5-8446-F2C7F0B637A2}.Debug|iPhone.ActiveCfg = Debug|Any CPU
		{C989ED15-4926-4DE5-8446-F2C7F0B637A2}.Debug|iPhone.Build.0 = Debug|Any CPU
		{C989ED15-4926-4DE5-8446-F2C7F0B637A2}.Debug|iPhoneSimulator.ActiveCfg = Debug|Any CPU
		{C989ED15-4926-4DE5-8446-F2C7F0B637A2}.Debug|iPhoneSimulator.Build.0 = Debug|Any CPU
		{C989ED15-4926-4DE5-8446-F2C7F0B637A2}.Release|Any CPU.ActiveCfg = Release|Any CPU
		{C989ED15-4926-4DE5-8446-F2C7F0B637A2}.Release|Any CPU.Build.0 = Release|Any CPU
		{C989ED15-4926-4DE5-8446-F2C7F0B637A2}.Release|iPhone.ActiveCfg = Release|Any CPU
		{C989ED15-4926-4DE5-8446-F2C7F0B637A2}.Release|iPhone.Build.0 = Release|Any CPU
		{C989ED15-4926-4DE5-8446-F2C7F0B637A2}.Release|iPhoneSimulator.ActiveCfg = Release|Any CPU
		{C989ED15-4926-4DE5-8446-F2C7F0B637A2}.Release|iPhoneSimulator.Build.0 = Release|Any CPU
		{424538C4-92B1-433C-B185-35FA92FEDB92}.Ad-Hoc|Any CPU.ActiveCfg = Ad-Hoc|iPhoneSimulator
		{424538C4-92B1-433C-B185-35FA92FEDB92}.Ad-Hoc|iPhone.ActiveCfg = Ad-Hoc|iPhone
		{424538C4-92B1-433C-B185-35FA92FEDB92}.Ad-Hoc|iPhone.Build.0 = Ad-Hoc|iPhone
		{424538C4-92B1-433C-B185-35FA92FEDB92}.Ad-Hoc|iPhoneSimulator.ActiveCfg = Ad-Hoc|iPhoneSimulator
		{424538C4-92B1-433C-B185-35FA92FEDB92}.Ad-Hoc|iPhoneSimulator.Build.0 = Ad-Hoc|iPhoneSimulator
		{424538C4-92B1-433C-B185-35FA92FEDB92}.AppStore|Any CPU.ActiveCfg = AppStore|iPhoneSimulator
		{424538C4-92B1-433C-B185-35FA92FEDB92}.AppStore|iPhone.ActiveCfg = AppStore|iPhone
		{424538C4-92B1-433C-B185-35FA92FEDB92}.AppStore|iPhone.Build.0 = AppStore|iPhone
		{424538C4-92B1-433C-B185-35FA92FEDB92}.AppStore|iPhoneSimulator.ActiveCfg = AppStore|iPhoneSimulator
		{424538C4-92B1-433C-B185-35FA92FEDB92}.AppStore|iPhoneSimulator.Build.0 = AppStore|iPhoneSimulator
		{424538C4-92B1-433C-B185-35FA92FEDB92}.Debug|Any CPU.ActiveCfg = Debug|iPhoneSimulator
		{424538C4-92B1-433C-B185-35FA92FEDB92}.Debug|Any CPU.Build.0 = Debug|iPhoneSimulator
		{424538C4-92B1-433C-B185-35FA92FEDB92}.Debug|iPhone.ActiveCfg = Debug|iPhone
		{424538C4-92B1-433C-B185-35FA92FEDB92}.Debug|iPhone.Build.0 = Debug|iPhone
		{424538C4-92B1-433C-B185-35FA92FEDB92}.Debug|iPhoneSimulator.ActiveCfg = Debug|iPhoneSimulator
		{424538C4-92B1-433C-B185-35FA92FEDB92}.Debug|iPhoneSimulator.Build.0 = Debug|iPhoneSimulator
		{424538C4-92B1-433C-B185-35FA92FEDB92}.Release|Any CPU.ActiveCfg = Release|iPhoneSimulator
		{424538C4-92B1-433C-B185-35FA92FEDB92}.Release|Any CPU.Build.0 = Release|iPhoneSimulator
		{424538C4-92B1-433C-B185-35FA92FEDB92}.Release|iPhone.ActiveCfg = Release|iPhone
		{424538C4-92B1-433C-B185-35FA92FEDB92}.Release|iPhone.Build.0 = Release|iPhone
		{424538C4-92B1-433C-B185-35FA92FEDB92}.Release|iPhoneSimulator.ActiveCfg = Release|iPhoneSimulator
		{424538C4-92B1-433C-B185-35FA92FEDB92}.Release|iPhoneSimulator.Build.0 = Release|iPhoneSimulator
		{A3D90586-64CC-4640-9BFD-B733245E2742}.Ad-Hoc|Any CPU.ActiveCfg = Release|Any CPU
		{A3D90586-64CC-4640-9BFD-B733245E2742}.Ad-Hoc|Any CPU.Build.0 = Release|Any CPU
		{A3D90586-64CC-4640-9BFD-B733245E2742}.Ad-Hoc|iPhone.ActiveCfg = Debug|Any CPU
		{A3D90586-64CC-4640-9BFD-B733245E2742}.Ad-Hoc|iPhone.Build.0 = Debug|Any CPU
		{A3D90586-64CC-4640-9BFD-B733245E2742}.Ad-Hoc|iPhoneSimulator.ActiveCfg = Release|Any CPU
		{A3D90586-64CC-4640-9BFD-B733245E2742}.Ad-Hoc|iPhoneSimulator.Build.0 = Release|Any CPU
		{A3D90586-64CC-4640-9BFD-B733245E2742}.AppStore|Any CPU.ActiveCfg = Release|Any CPU
		{A3D90586-64CC-4640-9BFD-B733245E2742}.AppStore|Any CPU.Build.0 = Release|Any CPU
		{A3D90586-64CC-4640-9BFD-B733245E2742}.AppStore|iPhone.ActiveCfg = Debug|Any CPU
		{A3D90586-64CC-4640-9BFD-B733245E2742}.AppStore|iPhone.Build.0 = Debug|Any CPU
		{A3D90586-64CC-4640-9BFD-B733245E2742}.AppStore|iPhoneSimulator.ActiveCfg = Release|Any CPU
		{A3D90586-64CC-4640-9BFD-B733245E2742}.AppStore|iPhoneSimulator.Build.0 = Release|Any CPU
		{A3D90586-64CC-4640-9BFD-B733245E2742}.Debug|Any CPU.ActiveCfg = Debug|Any CPU
		{A3D90586-64CC-4640-9BFD-B733245E2742}.Debug|Any CPU.Build.0 = Debug|Any CPU
		{A3D90586-64CC-4640-9BFD-B733245E2742}.Debug|iPhone.ActiveCfg = Debug|Any CPU
		{A3D90586-64CC-4640-9BFD-B733245E2742}.Debug|iPhone.Build.0 = Debug|Any CPU
		{A3D90586-64CC-4640-9BFD-B733245E2742}.Debug|iPhoneSimulator.ActiveCfg = Debug|Any CPU
		{A3D90586-64CC-4640-9BFD-B733245E2742}.Debug|iPhoneSimulator.Build.0 = Debug|Any CPU
		{A3D90586-64CC-4640-9BFD-B733245E2742}.Release|Any CPU.ActiveCfg = Release|Any CPU
		{A3D90586-64CC-4640-9BFD-B733245E2742}.Release|Any CPU.Build.0 = Release|Any CPU
		{A3D90586-64CC-4640-9BFD-B733245E2742}.Release|iPhone.ActiveCfg = Release|Any CPU
		{A3D90586-64CC-4640-9BFD-B733245E2742}.Release|iPhone.Build.0 = Release|Any CPU
		{A3D90586-64CC-4640-9BFD-B733245E2742}.Release|iPhoneSimulator.ActiveCfg = Release|Any CPU
		{A3D90586-64CC-4640-9BFD-B733245E2742}.Release|iPhoneSimulator.Build.0 = Release|Any CPU
	EndGlobalSection
	GlobalSection(SolutionProperties) = preSolution
		HideSolutionNode = FALSE
	EndGlobalSection
	GlobalSection(ExtensibilityGlobals) = postSolution
		SolutionGuid = {980720B8-160E-44B1-A01F-1FE0046FC20A}
	EndGlobalSection
EndGlobal
